
Microsoft Visual Studio Solution File, Format Version 12.00
# Visual Studio 2013
VisualStudioVersion = 12.0.30501.0
MinimumVisualStudioVersion = 10.0.40219.1
Project("{FAE04EC0-301F-11D3-BF4B-00C04F79EFBC}") = "WebApplication1", "WebApplication1\WebApplication1.csproj", "{BC55F59B-CB5B-459A-97AA-E3E927403E06}"
EndProject
Project("{FAE04EC0-301F-11D3-BF4B-00C04F79EFBC}") = "WebApplication1.Tests", "..\..\W4\WebApplication1\WebApplication1.Tests\WebApplication1.Tests.csproj", "{82A307AD-FC73-4DB7-A20A-193738E31F65}"
EndProject
Project("{FAE04EC0-301F-11D3-BF4B-00C04F79EFBC}") = "UnitTestProject1", "..\..\W4\WebApplication1\UnitTestProject1\UnitTestProject1.csproj", "{783448E9-1DBB-433E-8A8B-5C3250620732}"
EndProject
Global
	GlobalSection(SolutionConfigurationPlatforms) = preSolution
		Debug|Any CPU = Debug|Any CPU
		Release|Any CPU = Release|Any CPU
	EndGlobalSection
	GlobalSection(ProjectConfigurationPlatforms) = postSolution
		{BC55F59B-CB5B-459A-97AA-E3E927403E06}.Debug|Any CPU.ActiveCfg = Debug|Any CPU
		{BC55F59B-CB5B-459A-97AA-E3E927403E06}.Debug|Any CPU.Build.0 = Debug|Any CPU
		{BC55F59B-CB5B-459A-97AA-E3E927403E06}.Release|Any CPU.ActiveCfg = Release|Any CPU
		{BC55F59B-CB5B-459A-97AA-E3E927403E06}.Release|Any CPU.Build.0 = Release|Any CPU
		{82A307AD-FC73-4DB7-A20A-193738E31F65}.Debug|Any CPU.ActiveCfg = Debug|Any CPU
		{82A307AD-FC73-4DB7-A20A-193738E31F65}.Debug|Any CPU.Build.0 = Debug|Any CPU
		{82A307AD-FC73-4DB7-A20A-193738E31F65}.Release|Any CPU.ActiveCfg = Release|Any CPU
		{82A307AD-FC73-4DB7-A20A-193738E31F65}.Release|Any CPU.Build.0 = Release|Any CPU
		{783448E9-1DBB-433E-8A8B-5C3250620732}.Debug|Any CPU.ActiveCfg = Debug|Any CPU
		{783448E9-1DBB-433E-8A8B-5C3250620732}.Debug|Any CPU.Build.0 = Debug|Any CPU
		{783448E9-1DBB-433E-8A8B-5C3250620732}.Release|Any CPU.ActiveCfg = Release|Any CPU
		{783448E9-1DBB-433E-8A8B-5C3250620732}.Release|Any CPU.Build.0 = Release|Any CPU
	EndGlobalSection
	GlobalSection(SolutionProperties) = preSolution
		HideSolutionNode = FALSE
	EndGlobalSection
EndGlobal
